PODS:
  - file_picker_darwin (1.0.0):
    - Flutter
    - FlutterMacOS
  - FlutterMacOS (1.0.0)
  - u (0.0.1):
    - FlutterMacOS
  - webview_all_wkwebview (0.0.1):
    - Flutter
    - FlutterMacOS

DEPENDENCIES:
  - file_picker_darwin (from `Flutter/ephemeral/.symlinks/plugins/file_picker_darwin/darwin`)
  - FlutterMacOS (from `Flutter/ephemeral`)
  - u (from `Flutter/ephemeral/.symlinks/plugins/u/macos`)
  - webview_all_wkwebview (from `Flutter/ephemeral/.symlinks/plugins/webview_all_wkwebview/darwin`)

EXTERNAL SOURCES:
  file_picker_darwin:
    :path: Flutter/ephemeral/.symlinks/plugins/file_picker_darwin/darwin
  FlutterMacOS:
    :path: Flutter/ephemeral
  u:
    :path: Flutter/ephemeral/.symlinks/plugins/u/macos
  webview_all_wkwebview:
    :path: Flutter/ephemeral/.symlinks/plugins/webview_all_wkwebview/darwin

SPEC CHECKSUMS:
  file_picker_darwin: 4c2b9a50ea44cb3b071381ea0cf48591bdd80251
  FlutterMacOS: c232990155153907050900a2e175c7773903ba4e
  u: 6d22d5807509b5db0aa86750116babdd3a873e29
  webview_all_wkwebview: 552f6bf5ee38936a1b51c2195ac66b085aeb152f

PODFILE CHECKSUM: d16f5e5d196d1ca9863d7a71d5885cad7ffa7d2d

COCOAPODS: 1.16.2
